// !$*UTF8*$!
{
	archiveVersion = 1;
	classes = {
	};
	objectVersion = 46;
	objects = {

/* Begin PBXBuildFile section */
		C21D853F1E6DDAB500A28685 /* MainViewController.swift in Sources */ = {isa = PBXBuildFile; fileRef = C21D853E1E6DDAB500A28685 /* MainViewController.swift */; };
		C2E72ACE1E6DCE9C00214E55 /* AppDelegate.swift in Sources */ = {isa = PBXBuildFile; fileRef = C2E72ACD1E6DCE9C00214E55 /* AppDelegate.swift */; };
		C2E72AD31E6DCE9C00214E55 /* Main.storyboard in Resources */ = {isa = PBXBuildFile; fileRef = C2E72AD11E6DCE9C00214E55 /* Main.storyboard */; };
		C2E72AD51E6DCE9C00214E55 /* Assets.xcassets in Resources */ = {isa = PBXBuildFile; fileRef = C2E72AD41E6DCE9C00214E55 /* Assets.xcassets */; };
		C2E72AD81E6DCE9C00214E55 /* LaunchScreen.storyboard in Resources */ = {isa = PBXBuildFile; fileRef = C2E72AD61E6DCE9C00214E55 /* LaunchScreen.storyboard */; };
/* End PBXBuildFile section */

/* Begin PBXFileReference section */
		C21D853E1E6DDAB500A28685 /* MainViewController.swift */ = {isa = PBXFileReference; fileEncoding = 4; lastKnownFileType = sourcecode.swift; path = MainViewController.swift; sourceTree = "<group>"; };
		C2E72ACA1E6DCE9C00214E55 /* caliber.app */ = {isa = PBXFileReference; explicitFileType = wrapper.application; includeInIndex = 0; path = caliber.app; sourceTree = BUILT_PRODUCTS_DIR; };
		C2E72ACD1E6DCE9C00214E55 /* AppDelegate.swift */ = {isa = PBXFileReference; lastKnownFileType = sourcecode.swift; path = AppDelegate.swift; sourceTree = "<group>"; };
		C2E72AD21E6DCE9C00214E55 /* Base */ = {isa = PBXFileReference; lastKnownFileType = file.storyboard; name = Base; path = Base.lproj/Main.storyboard; sourceTree = "<group>"; };
		C2E72AD41E6DCE9C00214E55 /* Assets.xcassets */ = {isa = PBXFileReference; lastKnownFileType = folder.assetcatalog; path = Assets.xcassets; sourceTree = "<group>"; };
		C2E72AD71E6DCE9C00214E55 /* Base */ = {isa = PBXFileReference; lastKnownFileType = file.storyboard; name = Base; path = Base.lproj/LaunchScreen.storyboard; sourceTree = "<group>"; };
		C2E72AD91E6DCE9C00214E55 /* Info.plist */ = {isa = PBXFileReference; lastKnownFileType = text.plist.xml; path = Info.plist; sourceTree = "<group>"; };
/* End PBXFileReference section */

/* Begin PBXFrameworksBuildPhase section */
		C2E72AC71E6DCE9B00214E55 /* Frameworks */ = {
			isa = PBXFrameworksBuildPhase;
			buildActionMask = 2147483647;
			files = (
			);
			runOnlyForDeploymentPostprocessing = 0;
		};
/* End PBXFrameworksBuildPhase section */

/* Begin PBXGroup section */
		C2E72AC11E6DCE9B00214E55 = {
			isa = PBXGroup;
			children = (
				C2E72ACC1E6DCE9C00214E55 /* caliber */,
				C2E72ACB1E6DCE9C00214E55 /* Products */,
			);
			sourceTree = "<group>";
		};
		C2E72ACB1E6DCE9C00214E55 /* Products */ = {
			isa = PBXGroup;
			children = (
				C2E72ACA1E6DCE9C00214E55 /* caliber.app */,
			);
			name = Products;
			sourceTree = "<group>";
		};
		C2E72ACC1E6DCE9C00214E55 /* caliber */ = {
			isa = PBXGroup;
			children = (
				C2E72ACD1E6DCE9C00214E55 /* AppDelegate.swift */,
				C2E72AD11E6DCE9C00214E55 /* Main.storyboard */,
				C2E72AD41E6DCE9C00214E55 /* Assets.xcassets */,
				C2E72AD61E6DCE9C00214E55 /* LaunchScreen.storyboard */,
				C2E72AD91E6DCE9C00214E55 /* Info.plist */,
				C21D853E1E6DDAB500A28685 /* MainViewController.swift */,
			);
			path = caliber;
			sourceTree = "<group>";
		};
/* End PBXGroup section */

/* Begin PBXNativeTarget section */
		C2E72AC91E6DCE9B00214E55 /* caliber */ = {
			isa = PBXNativeTarget;
			buildConfigurationList = C2E72ADC1E6DCE9C00214E55 /* Build configuration list for PBXNativeTarget "caliber" */;
			buildPhases = (
				C2E72AC61E6DCE9B00214E55 /* Sources */,
				C2E72AC71E6DCE9B00214E55 /* Frameworks */,
				C2E72AC81E6DCE9B00214E55 /* Resources */,
			);
			buildRules = (
			);
			dependencies = (
			);
			name = caliber;
			productName = caliber;
			productReference = C2E72ACA1E6DCE9C00214E55 /* caliber.app */;
			productType = "com.apple.product-type.application";
		};
/* End PBXNativeTarget section */

/* Begin PBXProject section */
		C2E72AC21E6DCE9B00214E55 /* Project object */ = {
			isa = PBXProject;
			attributes = {
				LastSwiftUpdateCheck = 0820;
				LastUpgradeCheck = 0820;
				ORGANIZATIONNAME = Caliber;
				TargetAttributes = {
					C2E72AC91E6DCE9B00214E55 = {
						CreatedOnToolsVersion = 8.2.1;
						DevelopmentTeam = 3J9RNLEYKC;
						ProvisioningStyle = Automatic;
					};
				};
			};
			buildConfigurationList = C2E72AC51E6DCE9B00214E55 /* Build configuration list for PBXProject "caliber" */;
			compatibilityVersion = "Xcode 3.2";
			developmentRegion = English;
			hasScannedForEncodings = 0;
			knownRegions = (
				en,
				Base,
			);
			mainGroup = C2E72AC11E6DCE9B00214E55;
			productRefGroup = C2E72ACB1E6DCE9C00214E55 /* Products */;
			projectDirPath = "";
			projectRoot = "";
			targets = (
				C2E72AC91E6DCE9B00214E55 /* caliber */,
			);
		};
/* End PBXProject section */

/* Begin PBXResourcesBuildPhase section */
		C2E72AC81E6DCE9B00214E55 /* Resources */ = {
			isa = PBXResourcesBuildPhase;
			buildActionMask = 2147483647;
			files = (
				C2E72AD81E6DCE9C00214E55 /* LaunchScreen.storyboard in Resources */,
				C2E72AD51E6DCE9C00214E55 /* Assets.xcassets in Resources */,
				C2E72AD31E6DCE9C00214E55 /* Main.storyboard in Resources */,
			);
			runOnlyForDeploymentPostprocessing = 0;
		};
/* End PBXResourcesBuildPhase section */

/* Begin PBXSourcesBuildPhase section */
		C2E72AC61E6DCE9B00214E55 /* Sources */ = {
			isa = PBXSourcesBuildPhase;
			buildActionMask = 2147483647;
			files = (
				C2E72ACE1E6DCE9C00214E55 /* AppDelegate.swift in Sources */,
				C21D853F1E6DDAB500A28685 /* MainViewController.swift in Sources */,
			);
			runOnlyForDeploymentPostprocessing = 0;
		};
/* End PBXSourcesBuildPhase section */

/* Begin PBXVariantGroup section */
		C2E72AD11E6DCE9C00214E55 /* Main.storyboard */ = {
			isa = PBXVariantGroup;
			children = (
				C2E72AD21E6DCE9C00214E55 /* Base */,
			);
			name = Main.storyboard;
			sourceTree = "<group>";
		};
		C2E72AD61E6DCE9C00214E55 /* LaunchScreen.storyboard */ = {
			isa = PBXVariantGroup;
			children = (
				C2E72AD71E6DCE9C00214E55 /* Base */,
			);
			name = LaunchScreen.storyboard;
			sourceTree = "<group>";
		};
/* End PBXVariantGroup section */

/* Begin XCBuildConfiguration section */
		C2E72ADA1E6DCE9C00214E55 /* Debug */ = {
			isa = XCBuildConfiguration;
			buildSettings = {
				ALWAYS_SEARCH_USER_PATHS = NO;
				CLANG_ANALYZER_NONNULL = YES;
				CLANG_CXX_LANGUAGE_STANDARD = "gnu++0x";
				CLANG_CXX_LIBRARY = "libc++";
				CLANG_ENABLE_MODULES = YES;
				CLANG_ENABLE_OBJC_ARC = YES;
				CLANG_WARN_BOOL_CONVERSION = YES;
				CLANG_WARN_CONSTANT_CONVERSION = YES;
				CLANG_WARN_DIRECT_OBJC_ISA_USAGE = YES_ERROR;
				CLANG_WARN_DOCUMENTATION_COMMENTS = YES;
				CLANG_WARN_EMPTY_BODY = YES;
				CLANG_WARN_ENUM_CONVERSION = YES;
				CLANG_WARN_INFINITE_RECURSION = YES;
				CLANG_WARN_INT_CONVERSION = YES;
				CLANG_WARN_OBJC_ROOT_CLASS = YES_ERROR;
				CLANG_WARN_SUSPICIOUS_MOVE = YES;
				CLANG_WARN_UNREACHABLE_CODE = YES;
				CLANG_WARN__DUPLICATE_METHOD_MATCH = YES;
				"CODE_SIGN_IDENTITY[sdk=iphoneos*]" = "iPhone Developer";
				COPY_PHASE_STRIP = NO;
				DEBUG_INFORMATION_FORMAT = dwarf;
				ENABLE_STRICT_OBJC_MSGSEND = YES;
				ENABLE_TESTABILITY = YES;
				GCC_C_LANGUAGE_STANDARD = gnu99;
				GCC_DYNAMIC_NO_PIC = NO;
				GCC_NO_COMMON_BLOCKS = YES;
				GCC_OPTIMIZATION_LEVEL = 0;
				GCC_PREPROCESSOR_DEFINITIONS = (
					"DEBUG=1",
					"$(inherited)",
				);
				GCC_WARN_64_TO_32_BIT_CONVERSION = YES;
				GCC_WARN_ABOUT_RETURN_TYPE = YES_ERROR;
				GCC_WARN_UNDECLARED_SELECTOR = YES;
				GCC_WARN_UNINITIALIZED_AUTOS = YES_AGGRESSIVE;
				GCC_WARN_UNUSED_FUNCTION = YES;
				GCC_WARN_UNUSED_VARIABLE = YES;
				IPHONEOS_DEPLOYMENT_TARGET = 10.2;
				MTL_ENABLE_DEBUG_INFO = YES;
				ONLY_ACTIVE_ARCH = YES;
				SDKROOT = iphoneos;
				SWIFT_ACTIVE_COMPILATION_CONDITIONS = DEBUG;
				SWIFT_OPTIMIZATION_LEVEL = "-Onone";
			};
			name = Debug;
		};
		C2E72ADB1E6DCE9C00214E55 /* Release */ = {
			isa = XCBuildConfiguration;
			buildSettings = {
				ALWAYS_SEARCH_USER_PATHS = NO;
				CLANG_ANALYZER_NONNULL = YES;
				CLANG_CXX_LANGUAGE_STANDARD = "gnu++0x";
				CLANG_CXX_LIBRARY = "libc++";
				CLANG_ENABLE_MODULES = YES;
				CLANG_ENABLE_OBJC_ARC = YES;
				CLANG_WARN_BOOL_CONVERSION = YES;
				CLANG_WARN_CONSTANT_CONVERSION = YES;
				CLANG_WARN_DIRECT_OBJC_ISA_USAGE = YES_ERROR;
				CLANG_WARN_DOCUMENTATION_COMMENTS = YES;
				CLANG_WARN_EMPTY_BODY = YES;
				CLANG_WARN_ENUM_CONVERSION = YES;
				CLANG_WARN_INFINITE_RECURSION = YES;
				CLANG_WARN_INT_CONVERSION = YES;
				CLANG_WARN_OBJC_ROOT_CLASS = YES_ERROR;
				CLANG_WARN_SUSPICIOUS_MOVE = YES;
				CLANG_WARN_UNREACHABLE_CODE = YES;
				CLANG_WARN__DUPLICATE_METHOD_MATCH = YES;
				"CODE_SIGN_IDENTITY[sdk=iphoneos*]" = "iPhone Developer";
				COPY_PHASE_STRIP = NO;
				DEBUG_INFORMATION_FORMAT = "dwarf-with-dsym";
				ENABLE_NS_ASSERTIONS = NO;
				ENABLE_STRICT_OBJC_MSGSEND = YES;
				GCC_C_LANGUAGE_STANDARD = gnu99;
				GCC_NO_COMMON_BLOCKS = YES;
				GCC_WARN_64_TO_32_BIT_CONVERSION = YES;
				GCC_WARN_ABOUT_RETURN_TYPE = YES_ERROR;
				GCC_WARN_UNDECLARED_SELECTOR = YES;
				GCC_WARN_UNINITIALIZED_AUTOS = YES_AGGRESSIVE;
				GCC_WARN_UNUSED_FUNCTION = YES;
				GCC_WARN_UNUSED_VARIABLE = YES;
				IPHONEOS_DEPLOYMENT_TARGET = 10.2;
				MTL_ENABLE_DEBUG_INFO = NO;
				SDKROOT = iphoneos;
				SWIFT_OPTIMIZATION_LEVEL = "-Owholemodule";
				VALIDATE_PRODUCT = YES;
			};
			name = Release;
		};
		C2E72ADD1E6DCE9C00214E55 /* Debug */ = {
			isa = XCBuildConfiguration;
			buildSettings = {
				ASSETCATALOG_COMPILER_APPICON_NAME = AppIcon;
				"CODE_SIGN_IDENTITY[sdk=iphoneos*]" = "iPhone Developer";
				DEVELOPMENT_TEAM = 3J9RNLEYKC;
				INFOPLIST_FILE = caliber/Info.plist;
				LD_RUNPATH_SEARCH_PATHS = "$(inherited) @executable_path/Frameworks";
				PRODUCT_BUNDLE_IDENTIFIER = com.caliber.Caliber;
				PRODUCT_NAME = "$(TARGET_NAME)";
				SWIFT_VERSION = 3.0;
			};
			name = Debug;
		};
		C2E72ADE1E6DCE9C00214E55 /* Release */ = {
			isa = XCBuildConfiguration;
			buildSettings = {
				ASSETCATALOG_COMPILER_APPICON_NAME = AppIcon;
				"CODE_SIGN_IDENTITY[sdk=iphoneos*]" = "iPhone Developer";
				DEVELOPMENT_TEAM = 3J9RNLEYKC;
				INFOPLIST_FILE = caliber/Info.plist;
				LD_RUNPATH_SEARCH_PATHS = "$(inherited) @executable_path/Frameworks";
				PRODUCT_BUNDLE_IDENTIFIER = com.caliber.Caliber;
				PRODUCT_NAME = "$(TARGET_NAME)";
				SWIFT_VERSION = 3.0;
			};
			name = Release;
		};
/* End XCBuildConfiguration section */

/* Begin XCConfigurationList section */
		C2E72AC51E6DCE9B00214E55 /* Build configuration list for PBXProject "caliber" */ = {
			isa = XCConfigurationList;
			buildConfigurations = (
				C2E72ADA1E6DCE9C00214E55 /* Debug */,
				C2E72ADB1E6DCE9C00214E55 /* Release */,
			);
			defaultConfigurationIsVisible = 0;
			defaultConfigurationName = Release;
		};
		C2E72ADC1E6DCE9C00214E55 /* Build configuration list for PBXNativeTarget "caliber" */ = {
			isa = XCConfigurationList;
			buildConfigurations = (
				C2E72ADD1E6DCE9C00214E55 /* Debug */,
				C2E72ADE1E6DCE9C00214E55 /* Release */,
			);
			defaultConfigurationIsVisible = 0;
			defaultConfigurationName = Release;
		};
/* End XCConfigurationList section */
	};
	rootObject = C2E72AC21E6DCE9B00214E55 /* Project object */;
}
